
Microsoft Visual Studio Solution File, Format Version 12.00
# Visual Studio Version 17
VisualStudioVersion = 17.14.37328.6
MinimumVisualStudioVersion = 10.0.40219.1
Project("{FAE04EC0-301F-11D3-BF4B-00C04F79EFBC}") = "KutuphaneWeb", "..\..\..\Downloads\KutuphaneWeb\KutuphaneWeb\KutuphaneWeb.csproj", "{F55D9079-4E96-F595-EB94-F878556215B8}"
EndProject
Global
	GlobalSection(SolutionConfigurationPlatforms) = preSolution
		Debug|Any CPU = Debug|Any CPU
		Release|Any CPU = Release|Any CPU
	EndGlobalSection
	GlobalSection(ProjectConfigurationPlatforms) = postSolution
		{F55D9079-4E96-F595-EB94-F878556215B8}.Debug|Any CPU.ActiveCfg = Debug|Any CPU
		{F55D9079-4E96-F595-EB94-F878556215B8}.Debug|Any CPU.Build.0 = Debug|Any CPU
		{F55D9079-4E96-F595-EB94-F878556215B8}.Release|Any CPU.ActiveCfg = Release|Any CPU
		{F55D9079-4E96-F595-EB94-F878556215B8}.Release|Any CPU.Build.0 = Release|Any CPU
	EndGlobalSection
	GlobalSection(SolutionProperties) = preSolution
		HideSolutionNode = FALSE
	EndGlobalSection
	GlobalSection(ExtensibilityGlobals) = postSolution
		SolutionGuid = {D516DCB5-E4C8-4CBD-9A7A-6CAE4578FD05}
	EndGlobalSection
EndGlobal
